
Microsoft Visual Studio Solution File, Format Version 12.00
# Visual Studio Version 17
VisualStudioVersion = 17.4.33213.308
MinimumVisualStudioVersion = 10.0.40219.1
Project("{8BC9CEB8-8B4A-11D0-8D11-00A0C91BC942}") = "Inheritance", "Inheritance\Inheritance.vcxproj", "{00070D57-7CDC-4D11-89D6-1D9173846EAD}"
EndProject
Project("{8BC9CEB8-8B4A-11D0-8D11-00A0C91BC942}") = "Academy", "Academy\Academy.vcxproj", "{D29DAF17-F3EE-4B41-B073-862E9B2F790C}"
EndProject
Project("{8BC9CEB8-8B4A-11D0-8D11-00A0C91BC942}") = "Geometry", "Geometry\Geometry.vcxproj", "{F54DCC6F-181D-4015-A42A-1C3B40A81B75}"
EndProject
Global
	GlobalSection(SolutionConfigurationPlatforms) = preSolution
		Debug|x64 = Debug|x64
		Debug|x86 = Debug|x86
		Release|x64 = Release|x64
		Release|x86 = Release|x86
	EndGlobalSection
	GlobalSection(ProjectConfigurationPlatforms) = postSolution
		{00070D57-7CDC-4D11-89D6-1D9173846EAD}.Debug|x64.ActiveCfg = Debug|x64
		{00070D57-7CDC-4D11-89D6-1D9173846EAD}.Debug|x64.Build.0 = Debug|x64
		{00070D57-7CDC-4D11-89D6-1D9173846EAD}.Debug|x86.ActiveCfg = Debug|Win32
		{00070D57-7CDC-4D11-89D6-1D9173846EAD}.Debug|x86.Build.0 = Debug|Win32
		{00070D57-7CDC-4D11-89D6-1D9173846EAD}.Release|x64.ActiveCfg = Release|x64
		{00070D57-7CDC-4D11-89D6-1D9173846EAD}.Release|x64.Build.0 = Release|x64
		{00070D57-7CDC-4D11-89D6-1D9173846EAD}.Release|x86.ActiveCfg = Release|Win32
		{00070D57-7CDC-4D11-89D6-1D9173846EAD}.Release|x86.Build.0 = Release|Win32
		{D29DAF17-F3EE-4B41-B073-862E9B2F790C}.Debug|x64.ActiveCfg = Debug|x64
		{D29DAF17-F3EE-4B41-B073-862E9B2F790C}.Debug|x64.Build.0 = Debug|x64
		{D29DAF17-F3EE-4B41-B073-862E9B2F790C}.Debug|x86.ActiveCfg = Debug|Win32
		{D29DAF17-F3EE-4B41-B073-862E9B2F790C}.Debug|x86.Build.0 = Debug|Win32
		{D29DAF17-F3EE-4B41-B073-862E9B2F790C}.Release|x64.ActiveCfg = Release|x64
		{D29DAF17-F3EE-4B41-B073-862E9B2F790C}.Release|x64.Build.0 = Release|x64
		{D29DAF17-F3EE-4B41-B073-862E9B2F790C}.Release|x86.ActiveCfg = Release|Win32
		{D29DAF17-F3EE-4B41-B073-862E9B2F790C}.Release|x86.Build.0 = Release|Win32
		{F54DCC6F-181D-4015-A42A-1C3B40A81B75}.Debug|x64.ActiveCfg = Debug|x64
		{F54DCC6F-181D-4015-A42A-1C3B40A81B75}.Debug|x64.Build.0 = Debug|x64
		{F54DCC6F-181D-4015-A42A-1C3B40A81B75}.Debug|x86.ActiveCfg = Debug|Win32
		{F54DCC6F-181D-4015-A42A-1C3B40A81B75}.Debug|x86.Build.0 = Debug|Win32
		{F54DCC6F-181D-4015-A42A-1C3B40A81B75}.Release|x64.ActiveCfg = Release|x64
		{F54DCC6F-181D-4015-A42A-1C3B40A81B75}.Release|x64.Build.0 = Release|x64
		{F54DCC6F-181D-4015-A42A-1C3B40A81B75}.Release|x86.ActiveCfg = Release|Win32
		{F54DCC6F-181D-4015-A42A-1C3B40A81B75}.Release|x86.Build.0 = Release|Win32
	EndGlobalSection
	GlobalSection(SolutionProperties) = preSolution
		HideSolutionNode = FALSE
	EndGlobalSection
	GlobalSection(ExtensibilityGlobals) = postSolution
		SolutionGuid = {2A76B9D2-8A77-4364-8310-3F54BAD39804}
	EndGlobalSection
EndGlobal
